// !$*UTF8*$!
{
	archiveVersion = 1;
	classes = {
	};
	objectVersion = 56;
	objects = {

/* Begin PBXBuildFile section */
		32B84CCB2B201EBE009F3641 /* Acne_AidApp.swift in Sources */ = {isa = PBXBuildFile; fileRef = 32B84CCA2B201EBE009F3641 /* Acne_AidApp.swift */; };
		32B84CCD2B201EBE009F3641 /* ContentView.swift in Sources */ = {isa = PBXBuildFile; fileRef = 32B84CCC2B201EBE009F3641 /* ContentView.swift */; };
		32B84CCF2B201EBF009F3641 /* Assets.xcassets in Resources */ = {isa = PBXBuildFile; fileRef = 32B84CCE2B201EBF009F3641 /* Assets.xcassets */; };
		32B84CD22B201EBF009F3641 /* Preview Assets.xcassets in Resources */ = {isa = PBXBuildFile; fileRef = 32B84CD12B201EBF009F3641 /* Preview Assets.xcassets */; };
		32B84CDC2B201EBF009F3641 /* Acne_AidTests.swift in Sources */ = {isa = PBXBuildFile; fileRef = 32B84CDB2B201EBF009F3641 /* Acne_AidTests.swift */; };
		32B84CE62B201EBF009F3641 /* Acne_AidUITests.swift in Sources */ = {isa = PBXBuildFile; fileRef = 32B84CE52B201EBF009F3641 /* Acne_AidUITests.swift */; };
		32B84CE82B201EBF009F3641 /* Acne_AidUITestsLaunchTests.swift in Sources */ = {isa = PBXBuildFile; fileRef = 32B84CE72B201EBF009F3641 /* Acne_AidUITestsLaunchTests.swift */; };
/* End PBXBuildFile section */

/* Begin PBXContainerItemProxy section */
		32B84CD82B201EBF009F3641 /* PBXContainerItemProxy */ = {
			isa = PBXContainerItemProxy;
			containerPortal = 32B84CBF2B201EBE009F3641 /* Project object */;
			proxyType = 1;
			remoteGlobalIDString = 32B84CC62B201EBE009F3641;
			remoteInfo = "Acne Aid";
		};
		32B84CE22B201EBF009F3641 /* PBXContainerItemProxy */ = {
			isa = PBXContainerItemProxy;
			containerPortal = 32B84CBF2B201EBE009F3641 /* Project object */;
			proxyType = 1;
			remoteGlobalIDString = 32B84CC62B201EBE009F3641;
			remoteInfo = "Acne Aid";
		};
/* End PBXContainerItemProxy section */

/* Begin PBXFileReference section */
		32B84CC72B201EBE009F3641 /* Acne Aid.app */ = {isa = PBXFileReference; explicitFileType = wrapper.application; includeInIndex = 0; path = "Acne Aid.app"; sourceTree = BUILT_PRODUCTS_DIR; };
		32B84CCA2B201EBE009F3641 /* Acne_AidApp.swift */ = {isa = PBXFileReference; lastKnownFileType = sourcecode.swift; path = Acne_AidApp.swift; sourceTree = "<group>"; };
		32B84CCC2B201EBE009F3641 /* ContentView.swift */ = {isa = PBXFileReference; lastKnownFileType = sourcecode.swift; path = ContentView.swift; sourceTree = "<group>"; };
		32B84CCE2B201EBF009F3641 /* Assets.xcassets */ = {isa = PBXFileReference; lastKnownFileType = folder.assetcatalog; path = Assets.xcassets; sourceTree = "<group>"; };
		32B84CD12B201EBF009F3641 /* Preview Assets.xcassets */ = {isa = PBXFileReference; lastKnownFileType = folder.assetcatalog; path = "Preview Assets.xcassets"; sourceTree = "<group>"; };
		32B84CD72B201EBF009F3641 /* Acne AidTests.xctest */ = {isa = PBXFileReference; explicitFileType = wrapper.cfbundle; includeInIndex = 0; path = "Acne AidTests.xctest"; sourceTree = BUILT_PRODUCTS_DIR; };
		32B84CDB2B201EBF009F3641 /* Acne_AidTests.swift */ = {isa = PBXFileReference; lastKnownFileType = sourcecode.swift; path = Acne_AidTests.swift; sourceTree = "<group>"; };
		32B84CE12B201EBF009F3641 /* Acne AidUITests.xctest */ = {isa = PBXFileReference; explicitFileType = wrapper.cfbundle; includeInIndex = 0; path = "Acne AidUITests.xctest"; sourceTree = BUILT_PRODUCTS_DIR; };
		32B84CE52B201EBF009F3641 /* Acne_AidUITests.swift */ = {isa = PBXFileReference; lastKnownFileType = sourcecode.swift; path = Acne_AidUITests.swift; sourceTree = "<group>"; };
		32B84CE72B201EBF009F3641 /* Acne_AidUITestsLaunchTests.swift */ = {isa = PBXFileReference; lastKnownFileType = sourcecode.swift; path = Acne_AidUITestsLaunchTests.swift; sourceTree = "<group>"; };
/* End PBXFileReference section */

/* Begin PBXFrameworksBuildPhase section */
		32B84CC42B201EBE009F3641 /* Frameworks */ = {
			isa = PBXFrameworksBuildPhase;
			buildActionMask = 2147483647;
			files = (
			);
			runOnlyForDeploymentPostprocessing = 0;
		};
		32B84CD42B201EBF009F3641 /* Frameworks */ = {
			isa = PBXFrameworksBuildPhase;
			buildActionMask = 2147483647;
			files = (
			);
			runOnlyForDeploymentPostprocessing = 0;
		};
		32B84CDE2B201EBF009F3641 /* Frameworks */ = {
			isa = PBXFrameworksBuildPhase;
			buildActionMask = 2147483647;
			files = (
			);
			runOnlyForDeploymentPostprocessing = 0;
		};
/* End PBXFrameworksBuildPhase section */

/* Begin PBXGroup section */
		32B84CBE2B201EBE009F3641 = {
			isa = PBXGroup;
			children = (
				32B84CC92B201EBE009F3641 /* Acne Aid */,
				32B84CDA2B201EBF009F3641 /* Acne AidTests */,
				32B84CE42B201EBF009F3641 /* Acne AidUITests */,
				32B84CC82B201EBE009F3641 /* Products */,
			);
			sourceTree = "<group>";
		};
		32B84CC82B201EBE009F3641 /* Products */ = {
			isa = PBXGroup;
			children = (
				32B84CC72B201EBE009F3641 /* Acne Aid.app */,
				32B84CD72B201EBF009F3641 /* Acne AidTests.xctest */,
				32B84CE12B201EBF009F3641 /* Acne AidUITests.xctest */,
			);
			name = Products;
			sourceTree = "<group>";
		};
		32B84CC92B201EBE009F3641 /* Acne Aid */ = {
			isa = PBXGroup;
			children = (
				32B84CCA2B201EBE009F3641 /* Acne_AidApp.swift */,
				32B84CCC2B201EBE009F3641 /* ContentView.swift */,
				32B84CCE2B201EBF009F3641 /* Assets.xcassets */,
				32B84CD02B201EBF009F3641 /* Preview Content */,
			);
			path = "Acne Aid";
			sourceTree = "<group>";
		};
		32B84CD02B201EBF009F3641 /* Preview Content */ = {
			isa = PBXGroup;
			children = (
				32B84CD12B201EBF009F3641 /* Preview Assets.xcassets */,
			);
			path = "Preview Content";
			sourceTree = "<group>";
		};
		32B84CDA2B201EBF009F3641 /* Acne AidTests */ = {
			isa = PBXGroup;
			children = (
				32B84CDB2B201EBF009F3641 /* Acne_AidTests.swift */,
			);
			path = "Acne AidTests";
			sourceTree = "<group>";
		};
		32B84CE42B201EBF009F3641 /* Acne AidUITests */ = {
			isa = PBXGroup;
			children = (
				32B84CE52B201EBF009F3641 /* Acne_AidUITests.swift */,
				32B84CE72B201EBF009F3641 /* Acne_AidUITestsLaunchTests.swift */,
			);
			path = "Acne AidUITests";
			sourceTree = "<group>";
		};
/* End PBXGroup section */

/* Begin PBXNativeTarget section */
		32B84CC62B201EBE009F3641 /* Acne Aid */ = {
			isa = PBXNativeTarget;
			buildConfigurationList = 32B84CEB2B201EBF009F3641 /* Build configuration list for PBXNativeTarget "Acne Aid" */;
			buildPhases = (
				32B84CC32B201EBE009F3641 /* Sources */,
				32B84CC42B201EBE009F3641 /* Frameworks */,
				32B84CC52B201EBE009F3641 /* Resources */,
			);
			buildRules = (
			);
			dependencies = (
			);
			name = "Acne Aid";
			productName = "Acne Aid";
			productReference = 32B84CC72B201EBE009F3641 /* Acne Aid.app */;
			productType = "com.apple.product-type.application";
		};
		32B84CD62B201EBF009F3641 /* Acne AidTests */ = {
			isa = PBXNativeTarget;
			buildConfigurationList = 32B84CEE2B201EBF009F3641 /* Build configuration list for PBXNativeTarget "Acne AidTests" */;
			buildPhases = (
				32B84CD32B201EBF009F3641 /* Sources */,
				32B84CD42B201EBF009F3641 /* Frameworks */,
				32B84CD52B201EBF009F3641 /* Resources */,
			);
			buildRules = (
			);
			dependencies = (
				32B84CD92B201EBF009F3641 /* PBXTargetDependency */,
			);
			name = "Acne AidTests";
			productName = "Acne AidTests";
			productReference = 32B84CD72B201EBF009F3641 /* Acne AidTests.xctest */;
			productType = "com.apple.product-type.bundle.unit-test";
		};
		32B84CE02B201EBF009F3641 /* Acne AidUITests */ = {
			isa = PBXNativeTarget;
			buildConfigurationList = 32B84CF12B201EBF009F3641 /* Build configuration list for PBXNativeTarget "Acne AidUITests" */;
			buildPhases = (
				32B84CDD2B201EBF009F3641 /* Sources */,
				32B84CDE2B201EBF009F3641 /* Frameworks */,
				32B84CDF2B201EBF009F3641 /* Resources */,
			);
			buildRules = (
			);
			dependencies = (
				32B84CE32B201EBF009F3641 /* PBXTargetDependency */,
			);
			name = "Acne AidUITests";
			productName = "Acne AidUITests";
			productReference = 32B84CE12B201EBF009F3641 /* Acne AidUITests.xctest */;
			productType = "com.apple.product-type.bundle.ui-testing";
		};
/* End PBXNativeTarget section */

/* Begin PBXProject section */
		32B84CBF2B201EBE009F3641 /* Project object */ = {
			isa = PBXProject;
			attributes = {
				BuildIndependentTargetsInParallel = 1;
				LastSwiftUpdateCheck = 1500;
				LastUpgradeCheck = 1500;
				TargetAttributes = {
					32B84CC62B201EBE009F3641 = {
						CreatedOnToolsVersion = 15.0.1;
					};
					32B84CD62B201EBF009F3641 = {
						CreatedOnToolsVersion = 15.0.1;
						TestTargetID = 32B84CC62B201EBE009F3641;
					};
					32B84CE02B201EBF009F3641 = {
						CreatedOnToolsVersion = 15.0.1;
						TestTargetID = 32B84CC62B201EBE009F3641;
					};
				};
			};
			buildConfigurationList = 32B84CC22B201EBE009F3641 /* Build configuration list for PBXProject "Acne Aid" */;
			compatibilityVersion = "Xcode 14.0";
			developmentRegion = en;
			hasScannedForEncodings = 0;
			knownRegions = (
				en,
				Base,
			);
			mainGroup = 32B84CBE2B201EBE009F3641;
			productRefGroup = 32B84CC82B201EBE009F3641 /* Products */;
			projectDirPath = "";
			projectRoot = "";
			targets = (
				32B84CC62B201EBE009F3641 /* Acne Aid */,
				32B84CD62B201EBF009F3641 /* Acne AidTests */,
				32B84CE02B201EBF009F3641 /* Acne AidUITests */,
			);
		};
/* End PBXProject section */

/* Begin PBXResourcesBuildPhase section */
		32B84CC52B201EBE009F3641 /* Resources */ = {
			isa = PBXResourcesBuildPhase;
			buildActionMask = 2147483647;
			files = (
				32B84CD22B201EBF009F3641 /* Preview Assets.xcassets in Resources */,
				32B84CCF2B201EBF009F3641 /* Assets.xcassets in Resources */,
			);
			runOnlyForDeploymentPostprocessing = 0;
		};
		32B84CD52B201EBF009F3641 /* Resources */ = {
			isa = PBXResourcesBuildPhase;
			buildActionMask = 2147483647;
			files = (
			);
			runOnlyForDeploymentPostprocessing = 0;
		};
		32B84CDF2B201EBF009F3641 /* Resources */ = {
			isa = PBXResourcesBuildPhase;
			buildActionMask = 2147483647;
			files = (
			);
			runOnlyForDeploymentPostprocessing = 0;
		};
/* End PBXResourcesBuildPhase section */

/* Begin PBXSourcesBuildPhase section */
		32B84CC32B201EBE009F3641 /* Sources */ = {
			isa = PBXSourcesBuildPhase;
			buildActionMask = 2147483647;
			files = (
				32B84CCD2B201EBE009F3641 /* ContentView.swift in Sources */,
				32B84CCB2B201EBE009F3641 /* Acne_AidApp.swift in Sources */,
			);
			runOnlyForDeploymentPostprocessing = 0;
		};
		32B84CD32B201EBF009F3641 /* Sources */ = {
			isa = PBXSourcesBuildPhase;
			buildActionMask = 2147483647;
			files = (
				32B84CDC2B201EBF009F3641 /* Acne_AidTests.swift in Sources */,
			);
			runOnlyForDeploymentPostprocessing = 0;
		};
		32B84CDD2B201EBF009F3641 /* Sources */ = {
			isa = PBXSourcesBuildPhase;
			buildActionMask = 2147483647;
			files = (
				32B84CE82B201EBF009F3641 /* Acne_AidUITestsLaunchTests.swift in Sources */,
				32B84CE62B201EBF009F3641 /* Acne_AidUITests.swift in Sources */,
			);
			runOnlyForDeploymentPostprocessing = 0;
		};
/* End PBXSourcesBuildPhase section */

/* Begin PBXTargetDependency section */
		32B84CD92B201EBF009F3641 /* PBXTargetDependency */ = {
			isa = PBXTargetDependency;
			target = 32B84CC62B201EBE009F3641 /* Acne Aid */;
			targetProxy = 32B84CD82B201EBF009F3641 /* PBXContainerItemProxy */;
		};
		32B84CE32B201EBF009F3641 /* PBXTargetDependency */ = {
			isa = PBXTargetDependency;
			target = 32B84CC62B201EBE009F3641 /* Acne Aid */;
			targetProxy = 32B84CE22B201EBF009F3641 /* PBXContainerItemProxy */;
		};
/* End PBXTargetDependency section */

/* Begin XCBuildConfiguration section */
		32B84CE92B201EBF009F3641 /* Debug */ = {
			isa = XCBuildConfiguration;
			buildSettings = {
				ALWAYS_SEARCH_USER_PATHS = NO;
				ASSETCATALOG_COMPILER_GENERATE_SWIFT_ASSET_SYMBOL_EXTENSIONS = YES;
				CLANG_ANALYZER_NONNULL = YES;
				CLANG_ANALYZER_NUMBER_OBJECT_CONVERSION = YES_AGGRESSIVE;
				CLANG_CXX_LANGUAGE_STANDARD = "gnu++20";
				CLANG_ENABLE_MODULES = YES;
				CLANG_ENABLE_OBJC_ARC = YES;
				CLANG_ENABLE_OBJC_WEAK = YES;
				CLANG_WARN_BLOCK_CAPTURE_AUTORELEASING = YES;
				CLANG_WARN_BOOL_CONVERSION = YES;
				CLANG_WARN_COMMA = YES;
				CLANG_WARN_CONSTANT_CONVERSION = YES;
				CLANG_WARN_DEPRECATED_OBJC_IMPLEMENTATIONS = YES;
				CLANG_WARN_DIRECT_OBJC_ISA_USAGE = YES_ERROR;
				CLANG_WARN_DOCUMENTATION_COMMENTS = YES;
				CLANG_WARN_EMPTY_BODY = YES;
				CLANG_WARN_ENUM_CONVERSION = YES;
				CLANG_WARN_INFINITE_RECURSION = YES;
				CLANG_WARN_INT_CONVERSION = YES;
				CLANG_WARN_NON_LITERAL_NULL_CONVERSION = YES;
				CLANG_WARN_OBJC_IMPLICIT_RETAIN_SELF = YES;
				CLANG_WARN_OBJC_LITERAL_CONVERSION = YES;
				CLANG_WARN_OBJC_ROOT_CLASS = YES_ERROR;
				CLANG_WARN_QUOTED_INCLUDE_IN_FRAMEWORK_HEADER = YES;
				CLANG_WARN_RANGE_LOOP_ANALYSIS = YES;
				CLANG_WARN_STRICT_PROTOTYPES = YES;
				CLANG_WARN_SUSPICIOUS_MOVE = YES;
				CLANG_WARN_UNGUARDED_AVAILABILITY = YES_AGGRESSIVE;
				CLANG_WARN_UNREACHABLE_CODE = YES;
				CLANG_WARN__DUPLICATE_METHOD_MATCH = YES;
				COPY_PHASE_STRIP = NO;
				DEBUG_INFORMATION_FORMAT = dwarf;
				ENABLE_STRICT_OBJC_MSGSEND = YES;
				ENABLE_TESTABILITY = YES;
				ENABLE_USER_SCRIPT_SANDBOXING = YES;
				GCC_C_LANGUAGE_STANDARD = gnu17;
				GCC_DYNAMIC_NO_PIC = NO;
				GCC_NO_COMMON_BLOCKS = YES;
				GCC_OPTIMIZATION_LEVEL = 0;
				GCC_PREPROCESSOR_DEFINITIONS = (
					"DEBUG=1",
					"$(inherited)",
				);
				GCC_WARN_64_TO_32_BIT_CONVERSION = YES;
				GCC_WARN_ABOUT_RETURN_TYPE = YES_ERROR;
				GCC_WARN_UNDECLARED_SELECTOR = YES;
				GCC_WARN_UNINITIALIZED_AUTOS = YES_AGGRESSIVE;
				GCC_WARN_UNUSED_FUNCTION = YES;
				GCC_WARN_UNUSED_VARIABLE = YES;
				IPHONEOS_DEPLOYMENT_TARGET = 17.0;
				LOCALIZATION_PREFERS_STRING_CATALOGS = YES;
				MTL_ENABLE_DEBUG_INFO = INCLUDE_SOURCE;
				MTL_FAST_MATH = YES;
				ONLY_ACTIVE_ARCH = YES;
				SDKROOT = iphoneos;
				SWIFT_ACTIVE_COMPILATION_CONDITIONS = "DEBUG $(inherited)";
				SWIFT_OPTIMIZATION_LEVEL = "-Onone";
			};
			name = Debug;
		};
		32B84CEA2B201EBF009F3641 /* Release */ = {
			isa = XCBuildConfiguration;
			buildSettings = {
				ALWAYS_SEARCH_USER_PATHS = NO;
				ASSETCATALOG_COMPILER_GENERATE_SWIFT_ASSET_SYMBOL_EXTENSIONS = YES;
				CLANG_ANALYZER_NONNULL = YES;
				CLANG_ANALYZER_NUMBER_OBJECT_CONVERSION = YES_AGGRESSIVE;
				CLANG_CXX_LANGUAGE_STANDARD = "gnu++20";
				CLANG_ENABLE_MODULES = YES;
				CLANG_ENABLE_OBJC_ARC = YES;
				CLANG_ENABLE_OBJC_WEAK = YES;
				CLANG_WARN_BLOCK_CAPTURE_AUTORELEASING = YES;
				CLANG_WARN_BOOL_CONVERSION = YES;
				CLANG_WARN_COMMA = YES;
				CLANG_WARN_CONSTANT_CONVERSION = YES;
				CLANG_WARN_DEPRECATED_OBJC_IMPLEMENTATIONS = YES;
				CLANG_WARN_DIRECT_OBJC_ISA_USAGE = YES_ERROR;
				CLANG_WARN_DOCUMENTATION_COMMENTS = YES;
				CLANG_WARN_EMPTY_BODY = YES;
				CLANG_WARN_ENUM_CONVERSION = YES;
				CLANG_WARN_INFINITE_RECURSION = YES;
				CLANG_WARN_INT_CONVERSION = YES;
				CLANG_WARN_NON_LITERAL_NULL_CONVERSION = YES;
				CLANG_WARN_OBJC_IMPLICIT_RETAIN_SELF = YES;
				CLANG_WARN_OBJC_LITERAL_CONVERSION = YES;
				CLANG_WARN_OBJC_ROOT_CLASS = YES_ERROR;
				CLANG_WARN_QUOTED_INCLUDE_IN_FRAMEWORK_HEADER = YES;
				CLANG_WARN_RANGE_LOOP_ANALYSIS = YES;
				CLANG_WARN_STRICT_PROTOTYPES = YES;
				CLANG_WARN_SUSPICIOUS_MOVE = YES;
				CLANG_WARN_UNGUARDED_AVAILABILITY = YES_AGGRESSIVE;
				CLANG_WARN_UNREACHABLE_CODE = YES;
				CLANG_WARN__DUPLICATE_METHOD_MATCH = YES;
				COPY_PHASE_STRIP = NO;
				DEBUG_INFORMATION_FORMAT = "dwarf-with-dsym";
				ENABLE_NS_ASSERTIONS = NO;
				ENABLE_STRICT_OBJC_MSGSEND = YES;
				ENABLE_USER_SCRIPT_SANDBOXING = YES;
				GCC_C_LANGUAGE_STANDARD = gnu17;
				GCC_NO_COMMON_BLOCKS = YES;
				GCC_WARN_64_TO_32_BIT_CONVERSION = YES;
				GCC_WARN_ABOUT_RETURN_TYPE = YES_ERROR;
				GCC_WARN_UNDECLARED_SELECTOR = YES;
				GCC_WARN_UNINITIALIZED_AUTOS = YES_AGGRESSIVE;
				GCC_WARN_UNUSED_FUNCTION = YES;
				GCC_WARN_UNUSED_VARIABLE = YES;
				IPHONEOS_DEPLOYMENT_TARGET = 17.0;
				LOCALIZATION_PREFERS_STRING_CATALOGS = YES;
				MTL_ENABLE_DEBUG_INFO = NO;
				MTL_FAST_MATH = YES;
				SDKROOT = iphoneos;
				SWIFT_COMPILATION_MODE = wholemodule;
				VALIDATE_PRODUCT = YES;
			};
			name = Release;
		};
		32B84CEC2B201EBF009F3641 /* Debug */ = {
			isa = XCBuildConfiguration;
			buildSettings = {
				ASSETCATALOG_COMPILER_APPICON_NAME = AppIcon;
				ASSETCATALOG_COMPILER_GLOBAL_ACCENT_COLOR_NAME = AccentColor;
				CODE_SIGN_STYLE = Automatic;
				CURRENT_PROJECT_VERSION = 1;
				DEVELOPMENT_ASSET_PATHS = "\"Acne Aid/Preview Content\"";
				DEVELOPMENT_TEAM = 7HFM996Z35;
				ENABLE_PREVIEWS = YES;
				GENERATE_INFOPLIST_FILE = YES;
				INFOPLIST_KEY_UIApplicationSceneManifest_Generation = YES;
				INFOPLIST_KEY_UIApplicationSupportsIndirectInputEvents = YES;
				INFOPLIST_KEY_UILaunchScreen_Generation = YES;
				INFOPLIST_KEY_UISupportedInterfaceOrientations_iPad = "UIInterfaceOrientationPortrait UIInterfaceOrientationPortraitUpsideDown UIInterfaceOrientationLandscapeLeft UIInterfaceOrientationLandscapeRight";
				INFOPLIST_KEY_UISupportedInterfaceOrientations_iPhone = "UIInterfaceOrientationPortrait UIInterfaceOrientationLandscapeLeft UIInterfaceOrientationLandscapeRight";
				LD_RUNPATH_SEARCH_PATHS = (
					"$(inherited)",
					"@executable_path/Frameworks",
				);
				MARKETING_VERSION = 1.0;
				PRODUCT_BUNDLE_IDENTIFIER = "com.acneaid.Acne-Aid";
				PRODUCT_NAME = "$(TARGET_NAME)";
				SWIFT_EMIT_LOC_STRINGS = YES;
				SWIFT_VERSION = 5.0;
				TARGETED_DEVICE_FAMILY = "1,2";
			};
			name = Debug;
		};
		32B84CED2B201EBF009F3641 /* Release */ = {
			isa = XCBuildConfiguration;
			buildSettings = {
				ASSETCATALOG_COMPILER_APPICON_NAME = AppIcon;
				ASSETCATALOG_COMPILER_GLOBAL_ACCENT_COLOR_NAME = AccentColor;
				CODE_SIGN_STYLE = Automatic;
				CURRENT_PROJECT_VERSION = 1;
				DEVELOPMENT_ASSET_PATHS = "\"Acne Aid/Preview Content\"";
				DEVELOPMENT_TEAM = 7HFM996Z35;
				ENABLE_PREVIEWS = YES;
				GENERATE_INFOPLIST_FILE = YES;
				INFOPLIST_KEY_UIApplicationSceneManifest_Generation = YES;
				INFOPLIST_KEY_UIApplicationSupportsIndirectInputEvents = YES;
				INFOPLIST_KEY_UILaunchScreen_Generation = YES;
				INFOPLIST_KEY_UISupportedInterfaceOrientations_iPad = "UIInterfaceOrientationPortrait UIInterfaceOrientationPortraitUpsideDown UIInterfaceOrientationLandscapeLeft UIInterfaceOrientationLandscapeRight";
				INFOPLIST_KEY_UISupportedInterfaceOrientations_iPhone = "UIInterfaceOrientationPortrait UIInterfaceOrientationLandscapeLeft UIInterfaceOrientationLandscapeRight";
				LD_RUNPATH_SEARCH_PATHS = (
					"$(inherited)",
					"@executable_path/Frameworks",
				);
				MARKETING_VERSION = 1.0;
				PRODUCT_BUNDLE_IDENTIFIER = "com.acneaid.Acne-Aid";
				PRODUCT_NAME = "$(TARGET_NAME)";
				SWIFT_EMIT_LOC_STRINGS = YES;
				SWIFT_VERSION = 5.0;
				TARGETED_DEVICE_FAMILY = "1,2";
			};
			name = Release;
		};
		32B84CEF2B201EBF009F3641 /* Debug */ = {
			isa = XCBuildConfiguration;
			buildSettings = {
				ALWAYS_EMBED_SWIFT_STANDARD_LIBRARIES = YES;
				BUNDLE_LOADER = "$(TEST_HOST)";
				CODE_SIGN_STYLE = Automatic;
				CURRENT_PROJECT_VERSION = 1;
				DEVELOPMENT_TEAM = 7HFM996Z35;
				GENERATE_INFOPLIST_FILE = YES;
				IPHONEOS_DEPLOYMENT_TARGET = 17.0;
				MARKETING_VERSION = 1.0;
				PRODUCT_BUNDLE_IDENTIFIER = "com.acneaid.Acne-AidTests";
				PRODUCT_NAME = "$(TARGET_NAME)";
				SWIFT_EMIT_LOC_STRINGS = NO;
				SWIFT_VERSION = 5.0;
				TARGETED_DEVICE_FAMILY = "1,2";
				TEST_HOST = "$(BUILT_PRODUCTS_DIR)/Acne Aid.app/$(BUNDLE_EXECUTABLE_FOLDER_PATH)/Acne Aid";
			};
			name = Debug;
		};
		32B84CF02B201EBF009F3641 /* Release */ = {
			isa = XCBuildConfiguration;
			buildSettings = {
				ALWAYS_EMBED_SWIFT_STANDARD_LIBRARIES = YES;
				BUNDLE_LOADER = "$(TEST_HOST)";
				CODE_SIGN_STYLE = Automatic;
				CURRENT_PROJECT_VERSION = 1;
				DEVELOPMENT_TEAM = 7HFM996Z35;
				GENERATE_INFOPLIST_FILE = YES;
				IPHONEOS_DEPLOYMENT_TARGET = 17.0;
				MARKETING_VERSION = 1.0;
				PRODUCT_BUNDLE_IDENTIFIER = "com.acneaid.Acne-AidTests";
				PRODUCT_NAME = "$(TARGET_NAME)";
				SWIFT_EMIT_LOC_STRINGS = NO;
				SWIFT_VERSION = 5.0;
				TARGETED_DEVICE_FAMILY = "1,2";
				TEST_HOST = "$(BUILT_PRODUCTS_DIR)/Acne Aid.app/$(BUNDLE_EXECUTABLE_FOLDER_PATH)/Acne Aid";
			};
			name = Release;
		};
		32B84CF22B201EBF009F3641 /* Debug */ = {
			isa = XCBuildConfiguration;
			buildSettings = {
				ALWAYS_EMBED_SWIFT_STANDARD_LIBRARIES = YES;
				CODE_SIGN_STYLE = Automatic;
				CURRENT_PROJECT_VERSION = 1;
				DEVELOPMENT_TEAM = 7HFM996Z35;
				GENERATE_INFOPLIST_FILE = YES;
				MARKETING_VERSION = 1.0;
				PRODUCT_BUNDLE_IDENTIFIER = "com.acneaid.Acne-AidUITests";
				PRODUCT_NAME = "$(TARGET_NAME)";
				SWIFT_EMIT_LOC_STRINGS = NO;
				SWIFT_VERSION = 5.0;
				TARGETED_DEVICE_FAMILY = "1,2";
				TEST_TARGET_NAME = "Acne Aid";
			};
			name = Debug;
		};
		32B84CF32B201EBF009F3641 /* Release */ = {
			isa = XCBuildConfiguration;
			buildSettings = {
				ALWAYS_EMBED_SWIFT_STANDARD_LIBRARIES = YES;
				CODE_SIGN_STYLE = Automatic;
				CURRENT_PROJECT_VERSION = 1;
				DEVELOPMENT_TEAM = 7HFM996Z35;
				GENERATE_INFOPLIST_FILE = YES;
				MARKETING_VERSION = 1.0;
				PRODUCT_BUNDLE_IDENTIFIER = "com.acneaid.Acne-AidUITests";
				PRODUCT_NAME = "$(TARGET_NAME)";
				SWIFT_EMIT_LOC_STRINGS = NO;
				SWIFT_VERSION = 5.0;
				TARGETED_DEVICE_FAMILY = "1,2";
				TEST_TARGET_NAME = "Acne Aid";
			};
			name = Release;
		};
/* End XCBuildConfiguration section */

/* Begin XCConfigurationList section */
		32B84CC22B201EBE009F3641 /* Build configuration list for PBXProject "Acne Aid" */ = {
			isa = XCConfigurationList;
			buildConfigurations = (
				32B84CE92B201EBF009F3641 /* Debug */,
				32B84CEA2B201EBF009F3641 /* Release */,
			);
			defaultConfigurationIsVisible = 0;
			defaultConfigurationName = Release;
		};
		32B84CEB2B201EBF009F3641 /* Build configuration list for PBXNativeTarget "Acne Aid" */ = {
			isa = XCConfigurationList;
			buildConfigurations = (
				32B84CEC2B201EBF009F3641 /* Debug */,
				32B84CED2B201EBF009F3641 /* Release */,
			);
			defaultConfigurationIsVisible = 0;
			defaultConfigurationName = Release;
		};
		32B84CEE2B201EBF009F3641 /* Build configuration list for PBXNativeTarget "Acne AidTests" */ = {
			isa = XCConfigurationList;
			buildConfigurations = (
				32B84CEF2B201EBF009F3641 /* Debug */,
				32B84CF02B201EBF009F3641 /* Release */,
			);
			defaultConfigurationIsVisible = 0;
			defaultConfigurationName = Release;
		};
		32B84CF12B201EBF009F3641 /* Build configuration list for PBXNativeTarget "Acne AidUITests" */ = {
			isa = XCConfigurationList;
			buildConfigurations = (
				32B84CF22B201EBF009F3641 /* Debug */,
				32B84CF32B201EBF009F3641 /* Release */,
			);
			defaultConfigurationIsVisible = 0;
			defaultConfigurationName = Release;
		};
/* End XCConfigurationList section */
	};
	rootObject = 32B84CBF2B201EBE009F3641 /* Project object */;
}
