// !$*UTF8*$!
{
	archiveVersion = 1;
	classes = {
	};
	objectVersion = 56;
	objects = {

/* Begin PBXBuildFile section */
		320214FD2B35132E0084739A /* HomeView.swift in Sources */ = {isa = PBXBuildFile; fileRef = 320214FC2B35132E0084739A /* HomeView.swift */; };
		322D1FE92B40C196009A983F /* CameraPreview.swift in Sources */ = {isa = PBXBuildFile; fileRef = 322D1FE82B40C196009A983F /* CameraPreview.swift */; };
		322D1FEB2B40C327009A983F /* CameraManager.swift in Sources */ = {isa = PBXBuildFile; fileRef = 322D1FEA2B40C327009A983F /* CameraManager.swift */; };
		322D1FED2B40FF31009A983F /* CameraViewModel.swift in Sources */ = {isa = PBXBuildFile; fileRef = 322D1FEC2B40FF31009A983F /* CameraViewModel.swift */; };
		3285A2242B3CFA32001B8487 /* InsightsView.swift in Sources */ = {isa = PBXBuildFile; fileRef = 3285A2232B3CFA32001B8487 /* InsightsView.swift */; };
		3285A2262B3E1A17001B8487 /* SelfieView.swift in Sources */ = {isa = PBXBuildFile; fileRef = 3285A2252B3E1A17001B8487 /* SelfieView.swift */; };
		329E22372B40A2EC00235BA9 /* ImagesView.swift in Sources */ = {isa = PBXBuildFile; fileRef = 329E22362B40A2EC00235BA9 /* ImagesView.swift */; };
		329E22392B40A40200235BA9 /* ProfileView.swift in Sources */ = {isa = PBXBuildFile; fileRef = 329E22382B40A40200235BA9 /* ProfileView.swift */; };
		32C368732B2BC50C0090A15F /* AcneAidApp.swift in Sources */ = {isa = PBXBuildFile; fileRef = 32C368722B2BC50C0090A15F /* AcneAidApp.swift */; };
		32C368752B2BC50C0090A15F /* SigninView.swift in Sources */ = {isa = PBXBuildFile; fileRef = 32C368742B2BC50C0090A15F /* SigninView.swift */; };
		32C368772B2BC50D0090A15F /* Assets.xcassets in Resources */ = {isa = PBXBuildFile; fileRef = 32C368762B2BC50D0090A15F /* Assets.xcassets */; };
		32C368812B2BC6340090A15F /* Launch Screen.storyboard in Resources */ = {isa = PBXBuildFile; fileRef = 32C368802B2BC6340090A15F /* Launch Screen.storyboard */; };
		32C368832B2BD3000090A15F /* SignupView.swift in Sources */ = {isa = PBXBuildFile; fileRef = 32C368822B2BD3000090A15F /* SignupView.swift */; };
		32DF39952B3CA77700B2B87E /* MainView.swift in Sources */ = {isa = PBXBuildFile; fileRef = 32DF39942B3CA77700B2B87E /* MainView.swift */; };
		32DF39972B3CAFF500B2B87E /* RoutinesView.swift in Sources */ = {isa = PBXBuildFile; fileRef = 32DF39962B3CAFF500B2B87E /* RoutinesView.swift */; };
/* End PBXBuildFile section */

/* Begin PBXFileReference section */
		320214FC2B35132E0084739A /* HomeView.swift */ = {isa = PBXFileReference; lastKnownFileType = sourcecode.swift; path = HomeView.swift; sourceTree = "<group>"; };
		322D1FE82B40C196009A983F /* CameraPreview.swift */ = {isa = PBXFileReference; lastKnownFileType = sourcecode.swift; path = CameraPreview.swift; sourceTree = "<group>"; };
		322D1FEA2B40C327009A983F /* CameraManager.swift */ = {isa = PBXFileReference; lastKnownFileType = sourcecode.swift; path = CameraManager.swift; sourceTree = "<group>"; };
		322D1FEC2B40FF31009A983F /* CameraViewModel.swift */ = {isa = PBXFileReference; lastKnownFileType = sourcecode.swift; path = CameraViewModel.swift; sourceTree = "<group>"; };
		3285A2232B3CFA32001B8487 /* InsightsView.swift */ = {isa = PBXFileReference; lastKnownFileType = sourcecode.swift; path = InsightsView.swift; sourceTree = "<group>"; };
		3285A2252B3E1A17001B8487 /* SelfieView.swift */ = {isa = PBXFileReference; lastKnownFileType = sourcecode.swift; path = SelfieView.swift; sourceTree = "<group>"; };
		329E22362B40A2EC00235BA9 /* ImagesView.swift */ = {isa = PBXFileReference; lastKnownFileType = sourcecode.swift; path = ImagesView.swift; sourceTree = "<group>"; };
		329E22382B40A40200235BA9 /* ProfileView.swift */ = {isa = PBXFileReference; lastKnownFileType = sourcecode.swift; path = ProfileView.swift; sourceTree = "<group>"; };
		32C3686F2B2BC50C0090A15F /* AcneAid.app */ = {isa = PBXFileReference; explicitFileType = wrapper.application; includeInIndex = 0; path = AcneAid.app; sourceTree = BUILT_PRODUCTS_DIR; };
		32C368722B2BC50C0090A15F /* AcneAidApp.swift */ = {isa = PBXFileReference; lastKnownFileType = sourcecode.swift; path = AcneAidApp.swift; sourceTree = "<group>"; };
		32C368742B2BC50C0090A15F /* SigninView.swift */ = {isa = PBXFileReference; lastKnownFileType = sourcecode.swift; path = SigninView.swift; sourceTree = "<group>"; };
		32C368762B2BC50D0090A15F /* Assets.xcassets */ = {isa = PBXFileReference; lastKnownFileType = folder.assetcatalog; path = Assets.xcassets; sourceTree = "<group>"; };
		32C368802B2BC6340090A15F /* Launch Screen.storyboard */ = {isa = PBXFileReference; lastKnownFileType = file.storyboard; path = "Launch Screen.storyboard"; sourceTree = "<group>"; };
		32C368822B2BD3000090A15F /* SignupView.swift */ = {isa = PBXFileReference; lastKnownFileType = sourcecode.swift; path = SignupView.swift; sourceTree = "<group>"; };
		32DF39942B3CA77700B2B87E /* MainView.swift */ = {isa = PBXFileReference; lastKnownFileType = sourcecode.swift; path = MainView.swift; sourceTree = "<group>"; };
		32DF39962B3CAFF500B2B87E /* RoutinesView.swift */ = {isa = PBXFileReference; lastKnownFileType = sourcecode.swift; path = RoutinesView.swift; sourceTree = "<group>"; };
		32E47EFA2B4631A600CC4864 /* My_IphoneApp.swift */ = {isa = PBXFileReference; lastKnownFileType = sourcecode.swift; path = My_IphoneApp.swift; sourceTree = "<group>"; };
		32E47EFC2B4631A600CC4864 /* ContentView.swift */ = {isa = PBXFileReference; lastKnownFileType = sourcecode.swift; path = ContentView.swift; sourceTree = "<group>"; };
		32E47EFE2B4631A700CC4864 /* Assets.xcassets */ = {isa = PBXFileReference; lastKnownFileType = folder.assetcatalog; path = Assets.xcassets; sourceTree = "<group>"; };
		32E47F012B4631A700CC4864 /* Preview Assets.xcassets */ = {isa = PBXFileReference; lastKnownFileType = folder.assetcatalog; path = "Preview Assets.xcassets"; sourceTree = "<group>"; };
/* End PBXFileReference section */

/* Begin PBXFrameworksBuildPhase section */
		32C3686C2B2BC50C0090A15F /* Frameworks */ = {
			isa = PBXFrameworksBuildPhase;
			buildActionMask = 2147483647;
			files = (
			);
			runOnlyForDeploymentPostprocessing = 0;
		};
/* End PBXFrameworksBuildPhase section */

/* Begin PBXGroup section */
		3285A2292B3E2437001B8487 /* Views */ = {
			isa = PBXGroup;
			children = (
				32C368742B2BC50C0090A15F /* SigninView.swift */,
				32C368822B2BD3000090A15F /* SignupView.swift */,
				32DF39942B3CA77700B2B87E /* MainView.swift */,
				320214FC2B35132E0084739A /* HomeView.swift */,
				32DF39962B3CAFF500B2B87E /* RoutinesView.swift */,
				3285A2232B3CFA32001B8487 /* InsightsView.swift */,
				3285A2252B3E1A17001B8487 /* SelfieView.swift */,
				329E22362B40A2EC00235BA9 /* ImagesView.swift */,
				329E22382B40A40200235BA9 /* ProfileView.swift */,
			);
			path = Views;
			sourceTree = "<group>";
		};
		328911CD2B9610490061E6A4 /* Camera */ = {
			isa = PBXGroup;
			children = (
				322D1FEA2B40C327009A983F /* CameraManager.swift */,
				322D1FEC2B40FF31009A983F /* CameraViewModel.swift */,
				322D1FE82B40C196009A983F /* CameraPreview.swift */,
			);
			path = Camera;
			sourceTree = "<group>";
		};
		32C368662B2BC50C0090A15F = {
			isa = PBXGroup;
			children = (
				32C368712B2BC50C0090A15F /* AcneAid */,
				32E47EF92B4631A600CC4864 /* My Iphone */,
				32C368702B2BC50C0090A15F /* Products */,
			);
			sourceTree = "<group>";
		};
		32C368702B2BC50C0090A15F /* Products */ = {
			isa = PBXGroup;
			children = (
				32C3686F2B2BC50C0090A15F /* AcneAid.app */,
			);
			name = Products;
			sourceTree = "<group>";
		};
		32C368712B2BC50C0090A15F /* AcneAid */ = {
			isa = PBXGroup;
			children = (
				328911CD2B9610490061E6A4 /* Camera */,
				3285A2292B3E2437001B8487 /* Views */,
				32C368722B2BC50C0090A15F /* AcneAidApp.swift */,
				32C368802B2BC6340090A15F /* Launch Screen.storyboard */,
				32C368762B2BC50D0090A15F /* Assets.xcassets */,
			);
			path = AcneAid;
			sourceTree = "<group>";
		};
		32E47EF92B4631A600CC4864 /* My Iphone */ = {
			isa = PBXGroup;
			children = (
				32E47EFA2B4631A600CC4864 /* My_IphoneApp.swift */,
				32E47EFC2B4631A600CC4864 /* ContentView.swift */,
				32E47EFE2B4631A700CC4864 /* Assets.xcassets */,
				32E47F002B4631A700CC4864 /* Preview Content */,
			);
			path = "My Iphone";
			sourceTree = "<group>";
		};
		32E47F002B4631A700CC4864 /* Preview Content */ = {
			isa = PBXGroup;
			children = (
				32E47F012B4631A700CC4864 /* Preview Assets.xcassets */,
			);
			path = "Preview Content";
			sourceTree = "<group>";
		};
/* End PBXGroup section */

/* Begin PBXNativeTarget section */
		32C3686E2B2BC50C0090A15F /* AcneAid */ = {
			isa = PBXNativeTarget;
			buildConfigurationList = 32C3687D2B2BC50D0090A15F /* Build configuration list for PBXNativeTarget "AcneAid" */;
			buildPhases = (
				32C3686B2B2BC50C0090A15F /* Sources */,
				32C3686C2B2BC50C0090A15F /* Frameworks */,
				32C3686D2B2BC50C0090A15F /* Resources */,
			);
			buildRules = (
			);
			dependencies = (
			);
			name = AcneAid;
			productName = AcneAid;
			productReference = 32C3686F2B2BC50C0090A15F /* AcneAid.app */;
			productType = "com.apple.product-type.application";
		};
/* End PBXNativeTarget section */

/* Begin PBXProject section */
		32C368672B2BC50C0090A15F /* Project object */ = {
			isa = PBXProject;
			attributes = {
				BuildIndependentTargetsInParallel = 1;
				LastSwiftUpdateCheck = 1500;
				LastUpgradeCheck = 1500;
				TargetAttributes = {
					32C3686E2B2BC50C0090A15F = {
						CreatedOnToolsVersion = 15.0.1;
					};
				};
			};
			buildConfigurationList = 32C3686A2B2BC50C0090A15F /* Build configuration list for PBXProject "AcneAid" */;
			compatibilityVersion = "Xcode 14.0";
			developmentRegion = en;
			hasScannedForEncodings = 0;
			knownRegions = (
				en,
				Base,
			);
			mainGroup = 32C368662B2BC50C0090A15F;
			productRefGroup = 32C368702B2BC50C0090A15F /* Products */;
			projectDirPath = "";
			projectRoot = "";
			targets = (
				32C3686E2B2BC50C0090A15F /* AcneAid */,
			);
		};
/* End PBXProject section */

/* Begin PBXResourcesBuildPhase section */
		32C3686D2B2BC50C0090A15F /* Resources */ = {
			isa = PBXResourcesBuildPhase;
			buildActionMask = 2147483647;
			files = (
				32C368812B2BC6340090A15F /* Launch Screen.storyboard in Resources */,
				32C368772B2BC50D0090A15F /* Assets.xcassets in Resources */,
			);
			runOnlyForDeploymentPostprocessing = 0;
		};
/* End PBXResourcesBuildPhase section */

/* Begin PBXSourcesBuildPhase section */
		32C3686B2B2BC50C0090A15F /* Sources */ = {
			isa = PBXSourcesBuildPhase;
			buildActionMask = 2147483647;
			files = (
				32DF39952B3CA77700B2B87E /* MainView.swift in Sources */,
				32DF39972B3CAFF500B2B87E /* RoutinesView.swift in Sources */,
				329E22392B40A40200235BA9 /* ProfileView.swift in Sources */,
				329E22372B40A2EC00235BA9 /* ImagesView.swift in Sources */,
				32C368832B2BD3000090A15F /* SignupView.swift in Sources */,
				320214FD2B35132E0084739A /* HomeView.swift in Sources */,
				322D1FE92B40C196009A983F /* CameraPreview.swift in Sources */,
				32C368752B2BC50C0090A15F /* SigninView.swift in Sources */,
				3285A2242B3CFA32001B8487 /* InsightsView.swift in Sources */,
				3285A2262B3E1A17001B8487 /* SelfieView.swift in Sources */,
				322D1FEB2B40C327009A983F /* CameraManager.swift in Sources */,
				32C368732B2BC50C0090A15F /* AcneAidApp.swift in Sources */,
				322D1FED2B40FF31009A983F /* CameraViewModel.swift in Sources */,
			);
			runOnlyForDeploymentPostprocessing = 0;
		};
/* End PBXSourcesBuildPhase section */

/* Begin XCBuildConfiguration section */
		32C3687B2B2BC50D0090A15F /* Debug */ = {
			isa = XCBuildConfiguration;
			buildSettings = {
				ALWAYS_SEARCH_USER_PATHS = NO;
				ASSETCATALOG_COMPILER_GENERATE_SWIFT_ASSET_SYMBOL_EXTENSIONS = YES;
				CLANG_ANALYZER_NONNULL = YES;
				CLANG_ANALYZER_NUMBER_OBJECT_CONVERSION = YES_AGGRESSIVE;
				CLANG_CXX_LANGUAGE_STANDARD = "gnu++20";
				CLANG_ENABLE_MODULES = YES;
				CLANG_ENABLE_OBJC_ARC = YES;
				CLANG_ENABLE_OBJC_WEAK = YES;
				CLANG_WARN_BLOCK_CAPTURE_AUTORELEASING = YES;
				CLANG_WARN_BOOL_CONVERSION = YES;
				CLANG_WARN_COMMA = YES;
				CLANG_WARN_CONSTANT_CONVERSION = YES;
				CLANG_WARN_DEPRECATED_OBJC_IMPLEMENTATIONS = YES;
				CLANG_WARN_DIRECT_OBJC_ISA_USAGE = YES_ERROR;
				CLANG_WARN_DOCUMENTATION_COMMENTS = YES;
				CLANG_WARN_EMPTY_BODY = YES;
				CLANG_WARN_ENUM_CONVERSION = YES;
				CLANG_WARN_INFINITE_RECURSION = YES;
				CLANG_WARN_INT_CONVERSION = YES;
				CLANG_WARN_NON_LITERAL_NULL_CONVERSION = YES;
				CLANG_WARN_OBJC_IMPLICIT_RETAIN_SELF = YES;
				CLANG_WARN_OBJC_LITERAL_CONVERSION = YES;
				CLANG_WARN_OBJC_ROOT_CLASS = YES_ERROR;
				CLANG_WARN_QUOTED_INCLUDE_IN_FRAMEWORK_HEADER = YES;
				CLANG_WARN_RANGE_LOOP_ANALYSIS = YES;
				CLANG_WARN_STRICT_PROTOTYPES = YES;
				CLANG_WARN_SUSPICIOUS_MOVE = YES;
				CLANG_WARN_UNGUARDED_AVAILABILITY = YES_AGGRESSIVE;
				CLANG_WARN_UNREACHABLE_CODE = YES;
				CLANG_WARN__DUPLICATE_METHOD_MATCH = YES;
				COPY_PHASE_STRIP = NO;
				DEBUG_INFORMATION_FORMAT = dwarf;
				ENABLE_STRICT_OBJC_MSGSEND = YES;
				ENABLE_TESTABILITY = YES;
				ENABLE_USER_SCRIPT_SANDBOXING = YES;
				GCC_C_LANGUAGE_STANDARD = gnu17;
				GCC_DYNAMIC_NO_PIC = NO;
				GCC_NO_COMMON_BLOCKS = YES;
				GCC_OPTIMIZATION_LEVEL = 0;
				GCC_PREPROCESSOR_DEFINITIONS = (
					"DEBUG=1",
					"$(inherited)",
				);
				GCC_WARN_64_TO_32_BIT_CONVERSION = YES;
				GCC_WARN_ABOUT_RETURN_TYPE = YES_ERROR;
				GCC_WARN_UNDECLARED_SELECTOR = YES;
				GCC_WARN_UNINITIALIZED_AUTOS = YES_AGGRESSIVE;
				GCC_WARN_UNUSED_FUNCTION = YES;
				GCC_WARN_UNUSED_VARIABLE = YES;
				IPHONEOS_DEPLOYMENT_TARGET = 17.0;
				LOCALIZATION_PREFERS_STRING_CATALOGS = YES;
				MTL_ENABLE_DEBUG_INFO = INCLUDE_SOURCE;
				MTL_FAST_MATH = YES;
				ONLY_ACTIVE_ARCH = YES;
				SDKROOT = iphoneos;
				SWIFT_ACTIVE_COMPILATION_CONDITIONS = "DEBUG $(inherited)";
				SWIFT_OPTIMIZATION_LEVEL = "-Onone";
			};
			name = Debug;
		};
		32C3687C2B2BC50D0090A15F /* Release */ = {
			isa = XCBuildConfiguration;
			buildSettings = {
				ALWAYS_SEARCH_USER_PATHS = NO;
				ASSETCATALOG_COMPILER_GENERATE_SWIFT_ASSET_SYMBOL_EXTENSIONS = YES;
				CLANG_ANALYZER_NONNULL = YES;
				CLANG_ANALYZER_NUMBER_OBJECT_CONVERSION = YES_AGGRESSIVE;
				CLANG_CXX_LANGUAGE_STANDARD = "gnu++20";
				CLANG_ENABLE_MODULES = YES;
				CLANG_ENABLE_OBJC_ARC = YES;
				CLANG_ENABLE_OBJC_WEAK = YES;
				CLANG_WARN_BLOCK_CAPTURE_AUTORELEASING = YES;
				CLANG_WARN_BOOL_CONVERSION = YES;
				CLANG_WARN_COMMA = YES;
				CLANG_WARN_CONSTANT_CONVERSION = YES;
				CLANG_WARN_DEPRECATED_OBJC_IMPLEMENTATIONS = YES;
				CLANG_WARN_DIRECT_OBJC_ISA_USAGE = YES_ERROR;
				CLANG_WARN_DOCUMENTATION_COMMENTS = YES;
				CLANG_WARN_EMPTY_BODY = YES;
				CLANG_WARN_ENUM_CONVERSION = YES;
				CLANG_WARN_INFINITE_RECURSION = YES;
				CLANG_WARN_INT_CONVERSION = YES;
				CLANG_WARN_NON_LITERAL_NULL_CONVERSION = YES;
				CLANG_WARN_OBJC_IMPLICIT_RETAIN_SELF = YES;
				CLANG_WARN_OBJC_LITERAL_CONVERSION = YES;
				CLANG_WARN_OBJC_ROOT_CLASS = YES_ERROR;
				CLANG_WARN_QUOTED_INCLUDE_IN_FRAMEWORK_HEADER = YES;
				CLANG_WARN_RANGE_LOOP_ANALYSIS = YES;
				CLANG_WARN_STRICT_PROTOTYPES = YES;
				CLANG_WARN_SUSPICIOUS_MOVE = YES;
				CLANG_WARN_UNGUARDED_AVAILABILITY = YES_AGGRESSIVE;
				CLANG_WARN_UNREACHABLE_CODE = YES;
				CLANG_WARN__DUPLICATE_METHOD_MATCH = YES;
				COPY_PHASE_STRIP = NO;
				DEBUG_INFORMATION_FORMAT = "dwarf-with-dsym";
				ENABLE_NS_ASSERTIONS = NO;
				ENABLE_STRICT_OBJC_MSGSEND = YES;
				ENABLE_USER_SCRIPT_SANDBOXING = YES;
				GCC_C_LANGUAGE_STANDARD = gnu17;
				GCC_NO_COMMON_BLOCKS = YES;
				GCC_WARN_64_TO_32_BIT_CONVERSION = YES;
				GCC_WARN_ABOUT_RETURN_TYPE = YES_ERROR;
				GCC_WARN_UNDECLARED_SELECTOR = YES;
				GCC_WARN_UNINITIALIZED_AUTOS = YES_AGGRESSIVE;
				GCC_WARN_UNUSED_FUNCTION = YES;
				GCC_WARN_UNUSED_VARIABLE = YES;
				IPHONEOS_DEPLOYMENT_TARGET = 17.0;
				LOCALIZATION_PREFERS_STRING_CATALOGS = YES;
				MTL_ENABLE_DEBUG_INFO = NO;
				MTL_FAST_MATH = YES;
				SDKROOT = iphoneos;
				SWIFT_COMPILATION_MODE = wholemodule;
				VALIDATE_PRODUCT = YES;
			};
			name = Release;
		};
		32C3687E2B2BC50D0090A15F /* Debug */ = {
			isa = XCBuildConfiguration;
			buildSettings = {
				ASSETCATALOG_COMPILER_APPICON_NAME = AppIcon;
				ASSETCATALOG_COMPILER_GLOBAL_ACCENT_COLOR_NAME = AccentColor;
				CODE_SIGN_STYLE = Automatic;
				CURRENT_PROJECT_VERSION = 1;
				DEVELOPMENT_ASSET_PATHS = "\"AcneAid/Preview Content\"";
				DEVELOPMENT_TEAM = 7HFM996Z35;
				ENABLE_PREVIEWS = YES;
				GENERATE_INFOPLIST_FILE = YES;
				INFOPLIST_KEY_NSCameraUsageDescription = "AcneAid uses the camera to allow you to take daily selfies and track your skincare progress.";
				INFOPLIST_KEY_NSFileProviderDomainUsageDescription = "";
				INFOPLIST_KEY_NSPhotoLibraryUsageDescription = "Allow saving images to photo gallery.";
				INFOPLIST_KEY_UIApplicationSceneManifest_Generation = YES;
				INFOPLIST_KEY_UIApplicationSupportsIndirectInputEvents = YES;
				INFOPLIST_KEY_UILaunchScreen_Generation = YES;
				INFOPLIST_KEY_UILaunchStoryboardName = "Launch Screen.storyboard";
				INFOPLIST_KEY_UISupportedInterfaceOrientations_iPad = "UIInterfaceOrientationPortrait UIInterfaceOrientationPortraitUpsideDown UIInterfaceOrientationLandscapeLeft UIInterfaceOrientationLandscapeRight";
				INFOPLIST_KEY_UISupportedInterfaceOrientations_iPhone = "UIInterfaceOrientationPortrait UIInterfaceOrientationLandscapeLeft UIInterfaceOrientationLandscapeRight";
				LD_RUNPATH_SEARCH_PATHS = (
					"$(inherited)",
					"@executable_path/Frameworks",
				);
				MARKETING_VERSION = 1.0;
				PRODUCT_BUNDLE_IDENTIFIER = com.ganamoharram.AcneAid;
				PRODUCT_NAME = "$(TARGET_NAME)";
				SWIFT_EMIT_LOC_STRINGS = YES;
				SWIFT_VERSION = 5.0;
				TARGETED_DEVICE_FAMILY = "1,2";
			};
			name = Debug;
		};
		32C3687F2B2BC50D0090A15F /* Release */ = {
			isa = XCBuildConfiguration;
			buildSettings = {
				ASSETCATALOG_COMPILER_APPICON_NAME = AppIcon;
				ASSETCATALOG_COMPILER_GLOBAL_ACCENT_COLOR_NAME = AccentColor;
				CODE_SIGN_STYLE = Automatic;
				CURRENT_PROJECT_VERSION = 1;
				DEVELOPMENT_ASSET_PATHS = "\"AcneAid/Preview Content\"";
				DEVELOPMENT_TEAM = 7HFM996Z35;
				ENABLE_PREVIEWS = YES;
				GENERATE_INFOPLIST_FILE = YES;
				INFOPLIST_KEY_NSCameraUsageDescription = "AcneAid uses the camera to allow you to take daily selfies and track your skincare progress.";
				INFOPLIST_KEY_NSFileProviderDomainUsageDescription = "";
				INFOPLIST_KEY_NSPhotoLibraryUsageDescription = "Allow saving images to photo gallery.";
				INFOPLIST_KEY_UIApplicationSceneManifest_Generation = YES;
				INFOPLIST_KEY_UIApplicationSupportsIndirectInputEvents = YES;
				INFOPLIST_KEY_UILaunchScreen_Generation = YES;
				INFOPLIST_KEY_UILaunchStoryboardName = "Launch Screen.storyboard";
				INFOPLIST_KEY_UISupportedInterfaceOrientations_iPad = "UIInterfaceOrientationPortrait UIInterfaceOrientationPortraitUpsideDown UIInterfaceOrientationLandscapeLeft UIInterfaceOrientationLandscapeRight";
				INFOPLIST_KEY_UISupportedInterfaceOrientations_iPhone = "UIInterfaceOrientationPortrait UIInterfaceOrientationLandscapeLeft UIInterfaceOrientationLandscapeRight";
				LD_RUNPATH_SEARCH_PATHS = (
					"$(inherited)",
					"@executable_path/Frameworks",
				);
				MARKETING_VERSION = 1.0;
				PRODUCT_BUNDLE_IDENTIFIER = com.ganamoharram.AcneAid;
				PRODUCT_NAME = "$(TARGET_NAME)";
				SWIFT_EMIT_LOC_STRINGS = YES;
				SWIFT_VERSION = 5.0;
				TARGETED_DEVICE_FAMILY = "1,2";
			};
			name = Release;
		};
/* End XCBuildConfiguration section */

/* Begin XCConfigurationList section */
		32C3686A2B2BC50C0090A15F /* Build configuration list for PBXProject "AcneAid" */ = {
			isa = XCConfigurationList;
			buildConfigurations = (
				32C3687B2B2BC50D0090A15F /* Debug */,
				32C3687C2B2BC50D0090A15F /* Release */,
			);
			defaultConfigurationIsVisible = 0;
			defaultConfigurationName = Release;
		};
		32C3687D2B2BC50D0090A15F /* Build configuration list for PBXNativeTarget "AcneAid" */ = {
			isa = XCConfigurationList;
			buildConfigurations = (
				32C3687E2B2BC50D0090A15F /* Debug */,
				32C3687F2B2BC50D0090A15F /* Release */,
			);
			defaultConfigurationIsVisible = 0;
			defaultConfigurationName = Release;
		};
/* End XCConfigurationList section */
	};
	rootObject = 32C368672B2BC50C0090A15F /* Project object */;
}
